
Microsoft Visual Studio Solution File, Format Version 12.00
# Visual Studio 14
VisualStudioVersion = 14.0.25420.1
MinimumVisualStudioVersion = 10.0.40219.1
Project("{FAE04EC0-301F-11D3-BF4B-00C04F79EFBC}") = "MTDB.Web", "Presentation\MTDB.Web\MTDB.Web.csproj", "{5867FB00-EE60-485E-88F6-346D0A79BCF6}"
EndProject
Project("{FAE04EC0-301F-11D3-BF4B-00C04F79EFBC}") = "MTDB.Data", "Libraries\MTDB.Data\MTDB.Data.csproj", "{9153DA50-BF3F-45E8-B472-48DE9598C88C}"
EndProject
Project("{FAE04EC0-301F-11D3-BF4B-00C04F79EFBC}") = "MTDB.Services", "Libraries\MTDB.Services\MTDB.Services.csproj", "{47E0C772-EB99-4A8C-816C-18F9358E02AB}"
EndProject
Project("{FAE04EC0-301F-11D3-BF4B-00C04F79EFBC}") = "MTDB.Core", "Libraries\MTDB.Core\MTDB.Core.csproj", "{C57E048A-5406-40B8-9DD1-D7D55A9D08F6}"
EndProject
Project("{FAE04EC0-301F-11D3-BF4B-00C04F79EFBC}") = "MTDB.Core.ViewModelsObsolete", "Libraries\MTDB.Core.ViewModels\MTDB.Core.ViewModelsObsolete.csproj", "{9137AF64-C67E-44F5-8930-E5BDDBA2D5C7}"
EndProject
Project("{FAE04EC0-301F-11D3-BF4B-00C04F79EFBC}") = "PlayerUpdater", "Tools\PlayerUpdater\PlayerUpdater.csproj", "{F85F526E-230A-4CA7-A968-94EABC39EA0F}"
EndProject
Project("{FAE04EC0-301F-11D3-BF4B-00C04F79EFBC}") = "PagedList", "Libraries\PagedList\PagedList.csproj", "{A026B4C1-456F-4AD1-BB35-1E731C2FBBB6}"
EndProject
Project("{FAE04EC0-301F-11D3-BF4B-00C04F79EFBC}") = "PlayerUpdateMigrator", "Tools\PlayerUpdateMigrator\PlayerUpdateMigrator.csproj", "{F04BF3D3-5DB8-4547-A084-A9A5FE5CB7EB}"
EndProject
Project("{FAE04EC0-301F-11D3-BF4B-00C04F79EFBC}") = "2KUpdateCode", "Tools\2KUpdateCode\2KUpdateCode.csproj", "{765981F9-CDEC-43F0-B1E3-B42919583445}"
EndProject
Project("{2150E333-8FDC-42A3-9474-1A3956D46DE8}") = "Presentation", "Presentation", "{2D1F127C-B85E-4915-9A8C-F46C6C37B5EB}"
EndProject
Project("{2150E333-8FDC-42A3-9474-1A3956D46DE8}") = "Libraries", "Libraries", "{83B84EF3-804B-48CC-B1AC-55338232B50B}"
EndProject
Project("{2150E333-8FDC-42A3-9474-1A3956D46DE8}") = "Tools", "Tools", "{0D19314A-0203-44F2-90F3-026B80364505}"
EndProject
Project("{FAE04EC0-301F-11D3-BF4B-00C04F79EFBC}") = "MTDB.Forums", "Presentation\MTDB.Web\Forums\MTDB.Forums.csproj", "{AD52CB9D-C789-4EF3-87B1-7FBEB8BCAFC3}"
EndProject
Project("{FAE04EC0-301F-11D3-BF4B-00C04F79EFBC}") = "MTDB.Web.Framework", "Presentation\MTDB.Web.Framework\MTDB.Web.Framework.csproj", "{D87A99D4-427B-4583-8926-C77E83160D78}"
EndProject
Global
	GlobalSection(SolutionConfigurationPlatforms) = preSolution
		Debug|Any CPU = Debug|Any CPU
		Debug|x64 = Debug|x64
		Release|Any CPU = Release|Any CPU
		Release|x64 = Release|x64
	EndGlobalSection
	GlobalSection(ProjectConfigurationPlatforms) = postSolution
		{5867FB00-EE60-485E-88F6-346D0A79BCF6}.Debug|Any CPU.ActiveCfg = Debug|Any CPU
		{5867FB00-EE60-485E-88F6-346D0A79BCF6}.Debug|Any CPU.Build.0 = Debug|Any CPU
		{5867FB00-EE60-485E-88F6-346D0A79BCF6}.Debug|x64.ActiveCfg = Debug|x64
		{5867FB00-EE60-485E-88F6-346D0A79BCF6}.Debug|x64.Build.0 = Debug|x64
		{5867FB00-EE60-485E-88F6-346D0A79BCF6}.Release|Any CPU.ActiveCfg = Release|Any CPU
		{5867FB00-EE60-485E-88F6-346D0A79BCF6}.Release|Any CPU.Build.0 = Release|Any CPU
		{5867FB00-EE60-485E-88F6-346D0A79BCF6}.Release|x64.ActiveCfg = Release|x64
		{5867FB00-EE60-485E-88F6-346D0A79BCF6}.Release|x64.Build.0 = Release|x64
		{9153DA50-BF3F-45E8-B472-48DE9598C88C}.Debug|Any CPU.ActiveCfg = Debug|Any CPU
		{9153DA50-BF3F-45E8-B472-48DE9598C88C}.Debug|Any CPU.Build.0 = Debug|Any CPU
		{9153DA50-BF3F-45E8-B472-48DE9598C88C}.Debug|x64.ActiveCfg = Debug|x64
		{9153DA50-BF3F-45E8-B472-48DE9598C88C}.Debug|x64.Build.0 = Debug|x64
		{9153DA50-BF3F-45E8-B472-48DE9598C88C}.Release|Any CPU.ActiveCfg = Release|Any CPU
		{9153DA50-BF3F-45E8-B472-48DE9598C88C}.Release|Any CPU.Build.0 = Release|Any CPU
		{9153DA50-BF3F-45E8-B472-48DE9598C88C}.Release|x64.ActiveCfg = Release|x64
		{9153DA50-BF3F-45E8-B472-48DE9598C88C}.Release|x64.Build.0 = Release|x64
		{47E0C772-EB99-4A8C-816C-18F9358E02AB}.Debug|Any CPU.ActiveCfg = Debug|Any CPU
		{47E0C772-EB99-4A8C-816C-18F9358E02AB}.Debug|Any CPU.Build.0 = Debug|Any CPU
		{47E0C772-EB99-4A8C-816C-18F9358E02AB}.Debug|x64.ActiveCfg = Debug|x64
		{47E0C772-EB99-4A8C-816C-18F9358E02AB}.Debug|x64.Build.0 = Debug|x64
		{47E0C772-EB99-4A8C-816C-18F9358E02AB}.Release|Any CPU.ActiveCfg = Release|Any CPU
		{47E0C772-EB99-4A8C-816C-18F9358E02AB}.Release|Any CPU.Build.0 = Release|Any CPU
		{47E0C772-EB99-4A8C-816C-18F9358E02AB}.Release|x64.ActiveCfg = Release|x64
		{47E0C772-EB99-4A8C-816C-18F9358E02AB}.Release|x64.Build.0 = Release|x64
		{C57E048A-5406-40B8-9DD1-D7D55A9D08F6}.Debug|Any CPU.ActiveCfg = Debug|Any CPU
		{C57E048A-5406-40B8-9DD1-D7D55A9D08F6}.Debug|Any CPU.Build.0 = Debug|Any CPU
		{C57E048A-5406-40B8-9DD1-D7D55A9D08F6}.Debug|x64.ActiveCfg = Debug|x64
		{C57E048A-5406-40B8-9DD1-D7D55A9D08F6}.Debug|x64.Build.0 = Debug|x64
		{C57E048A-5406-40B8-9DD1-D7D55A9D08F6}.Release|Any CPU.ActiveCfg = Release|Any CPU
		{C57E048A-5406-40B8-9DD1-D7D55A9D08F6}.Release|Any CPU.Build.0 = Release|Any CPU
		{C57E048A-5406-40B8-9DD1-D7D55A9D08F6}.Release|x64.ActiveCfg = Release|x64
		{C57E048A-5406-40B8-9DD1-D7D55A9D08F6}.Release|x64.Build.0 = Release|x64
		{9137AF64-C67E-44F5-8930-E5BDDBA2D5C7}.Debug|Any CPU.ActiveCfg = Debug|Any CPU
		{9137AF64-C67E-44F5-8930-E5BDDBA2D5C7}.Debug|Any CPU.Build.0 = Debug|Any CPU
		{9137AF64-C67E-44F5-8930-E5BDDBA2D5C7}.Debug|x64.ActiveCfg = Debug|x64
		{9137AF64-C67E-44F5-8930-E5BDDBA2D5C7}.Debug|x64.Build.0 = Debug|x64
		{9137AF64-C67E-44F5-8930-E5BDDBA2D5C7}.Release|Any CPU.ActiveCfg = Release|Any CPU
		{9137AF64-C67E-44F5-8930-E5BDDBA2D5C7}.Release|Any CPU.Build.0 = Release|Any CPU
		{9137AF64-C67E-44F5-8930-E5BDDBA2D5C7}.Release|x64.ActiveCfg = Release|x64
		{9137AF64-C67E-44F5-8930-E5BDDBA2D5C7}.Release|x64.Build.0 = Release|x64
		{F85F526E-230A-4CA7-A968-94EABC39EA0F}.Debug|Any CPU.ActiveCfg = Debug|Any CPU
		{F85F526E-230A-4CA7-A968-94EABC39EA0F}.Debug|Any CPU.Build.0 = Debug|Any CPU
		{F85F526E-230A-4CA7-A968-94EABC39EA0F}.Debug|x64.ActiveCfg = Debug|x64
		{F85F526E-230A-4CA7-A968-94EABC39EA0F}.Debug|x64.Build.0 = Debug|x64
		{F85F526E-230A-4CA7-A968-94EABC39EA0F}.Release|Any CPU.ActiveCfg = Release|Any CPU
		{F85F526E-230A-4CA7-A968-94EABC39EA0F}.Release|Any CPU.Build.0 = Release|Any CPU
		{F85F526E-230A-4CA7-A968-94EABC39EA0F}.Release|x64.ActiveCfg = Release|x64
		{F85F526E-230A-4CA7-A968-94EABC39EA0F}.Release|x64.Build.0 = Release|x64
		{A026B4C1-456F-4AD1-BB35-1E731C2FBBB6}.Debug|Any CPU.ActiveCfg = Debug|Any CPU
		{A026B4C1-456F-4AD1-BB35-1E731C2FBBB6}.Debug|Any CPU.Build.0 = Debug|Any CPU
		{A026B4C1-456F-4AD1-BB35-1E731C2FBBB6}.Debug|x64.ActiveCfg = Debug|x64
		{A026B4C1-456F-4AD1-BB35-1E731C2FBBB6}.Debug|x64.Build.0 = Debug|x64
		{A026B4C1-456F-4AD1-BB35-1E731C2FBBB6}.Release|Any CPU.ActiveCfg = Release|Any CPU
		{A026B4C1-456F-4AD1-BB35-1E731C2FBBB6}.Release|Any CPU.Build.0 = Release|Any CPU
		{A026B4C1-456F-4AD1-BB35-1E731C2FBBB6}.Release|x64.ActiveCfg = Release|x64
		{A026B4C1-456F-4AD1-BB35-1E731C2FBBB6}.Release|x64.Build.0 = Release|x64
		{F04BF3D3-5DB8-4547-A084-A9A5FE5CB7EB}.Debug|Any CPU.ActiveCfg = Debug|Any CPU
		{F04BF3D3-5DB8-4547-A084-A9A5FE5CB7EB}.Debug|Any CPU.Build.0 = Debug|Any CPU
		{F04BF3D3-5DB8-4547-A084-A9A5FE5CB7EB}.Debug|x64.ActiveCfg = Debug|x64
		{F04BF3D3-5DB8-4547-A084-A9A5FE5CB7EB}.Debug|x64.Build.0 = Debug|x64
		{F04BF3D3-5DB8-4547-A084-A9A5FE5CB7EB}.Release|Any CPU.ActiveCfg = Release|Any CPU
		{F04BF3D3-5DB8-4547-A084-A9A5FE5CB7EB}.Release|Any CPU.Build.0 = Release|Any CPU
		{F04BF3D3-5DB8-4547-A084-A9A5FE5CB7EB}.Release|x64.ActiveCfg = Release|x64
		{F04BF3D3-5DB8-4547-A084-A9A5FE5CB7EB}.Release|x64.Build.0 = Release|x64
		{765981F9-CDEC-43F0-B1E3-B42919583445}.Debug|Any CPU.ActiveCfg = Debug|Any CPU
		{765981F9-CDEC-43F0-B1E3-B42919583445}.Debug|Any CPU.Build.0 = Debug|Any CPU
		{765981F9-CDEC-43F0-B1E3-B42919583445}.Debug|x64.ActiveCfg = Debug|x64
		{765981F9-CDEC-43F0-B1E3-B42919583445}.Debug|x64.Build.0 = Debug|x64
		{765981F9-CDEC-43F0-B1E3-B42919583445}.Release|Any CPU.ActiveCfg = Release|Any CPU
		{765981F9-CDEC-43F0-B1E3-B42919583445}.Release|Any CPU.Build.0 = Release|Any CPU
		{765981F9-CDEC-43F0-B1E3-B42919583445}.Release|x64.ActiveCfg = Release|x64
		{765981F9-CDEC-43F0-B1E3-B42919583445}.Release|x64.Build.0 = Release|x64
		{AD52CB9D-C789-4EF3-87B1-7FBEB8BCAFC3}.Debug|Any CPU.ActiveCfg = Debug|Any CPU
		{AD52CB9D-C789-4EF3-87B1-7FBEB8BCAFC3}.Debug|Any CPU.Build.0 = Debug|Any CPU
		{AD52CB9D-C789-4EF3-87B1-7FBEB8BCAFC3}.Debug|x64.ActiveCfg = Debug|x64
		{AD52CB9D-C789-4EF3-87B1-7FBEB8BCAFC3}.Debug|x64.Build.0 = Debug|x64
		{AD52CB9D-C789-4EF3-87B1-7FBEB8BCAFC3}.Release|Any CPU.ActiveCfg = Release|Any CPU
		{AD52CB9D-C789-4EF3-87B1-7FBEB8BCAFC3}.Release|Any CPU.Build.0 = Release|Any CPU
		{AD52CB9D-C789-4EF3-87B1-7FBEB8BCAFC3}.Release|x64.ActiveCfg = Release|x64
		{AD52CB9D-C789-4EF3-87B1-7FBEB8BCAFC3}.Release|x64.Build.0 = Release|x64
		{D87A99D4-427B-4583-8926-C77E83160D78}.Debug|Any CPU.ActiveCfg = Debug|Any CPU
		{D87A99D4-427B-4583-8926-C77E83160D78}.Debug|Any CPU.Build.0 = Debug|Any CPU
		{D87A99D4-427B-4583-8926-C77E83160D78}.Debug|x64.ActiveCfg = Debug|x64
		{D87A99D4-427B-4583-8926-C77E83160D78}.Debug|x64.Build.0 = Debug|x64
		{D87A99D4-427B-4583-8926-C77E83160D78}.Release|Any CPU.ActiveCfg = Release|Any CPU
		{D87A99D4-427B-4583-8926-C77E83160D78}.Release|Any CPU.Build.0 = Release|Any CPU
		{D87A99D4-427B-4583-8926-C77E83160D78}.Release|x64.ActiveCfg = Release|x64
		{D87A99D4-427B-4583-8926-C77E83160D78}.Release|x64.Build.0 = Release|x64
	EndGlobalSection
	GlobalSection(SolutionProperties) = preSolution
		HideSolutionNode = FALSE
	EndGlobalSection
	GlobalSection(NestedProjects) = preSolution
		{5867FB00-EE60-485E-88F6-346D0A79BCF6} = {2D1F127C-B85E-4915-9A8C-F46C6C37B5EB}
		{9153DA50-BF3F-45E8-B472-48DE9598C88C} = {83B84EF3-804B-48CC-B1AC-55338232B50B}
		{47E0C772-EB99-4A8C-816C-18F9358E02AB} = {83B84EF3-804B-48CC-B1AC-55338232B50B}
		{C57E048A-5406-40B8-9DD1-D7D55A9D08F6} = {83B84EF3-804B-48CC-B1AC-55338232B50B}
		{9137AF64-C67E-44F5-8930-E5BDDBA2D5C7} = {83B84EF3-804B-48CC-B1AC-55338232B50B}
		{F85F526E-230A-4CA7-A968-94EABC39EA0F} = {0D19314A-0203-44F2-90F3-026B80364505}
		{A026B4C1-456F-4AD1-BB35-1E731C2FBBB6} = {83B84EF3-804B-48CC-B1AC-55338232B50B}
		{F04BF3D3-5DB8-4547-A084-A9A5FE5CB7EB} = {0D19314A-0203-44F2-90F3-026B80364505}
		{765981F9-CDEC-43F0-B1E3-B42919583445} = {0D19314A-0203-44F2-90F3-026B80364505}
		{AD52CB9D-C789-4EF3-87B1-7FBEB8BCAFC3} = {2D1F127C-B85E-4915-9A8C-F46C6C37B5EB}
		{D87A99D4-427B-4583-8926-C77E83160D78} = {2D1F127C-B85E-4915-9A8C-F46C6C37B5EB}
	EndGlobalSection
EndGlobal
